
Microsoft Visual Studio Solution File, Format Version 12.00
# Visual Studio Version 17
VisualStudioVersion = 17.3.32901.215
MinimumVisualStudioVersion = 10.0.40219.1
Project("{FAE04EC0-301F-11D3-BF4B-00C04F79EFBC}") = "PracticandoParaElExamen", "PracticandoParaElExamen\PracticandoParaElExamen.csproj", "{289F4D24-C9AB-4DB0-9686-D55BAEFBF908}"
EndProject
Global
	GlobalSection(SolutionConfigurationPlatforms) = preSolution
		Debug|Any CPU = Debug|Any CPU
		Release|Any CPU = Release|Any CPU
	EndGlobalSection
	GlobalSection(ProjectConfigurationPlatforms) = postSolution
		{289F4D24-C9AB-4DB0-9686-D55BAEFBF908}.Debug|Any CPU.ActiveCfg = Debug|Any CPU
		{289F4D24-C9AB-4DB0-9686-D55BAEFBF908}.Debug|Any CPU.Build.0 = Debug|Any CPU
		{289F4D24-C9AB-4DB0-9686-D55BAEFBF908}.Release|Any CPU.ActiveCfg = Release|Any CPU
		{289F4D24-C9AB-4DB0-9686-D55BAEFBF908}.Release|Any CPU.Build.0 = Release|Any CPU
	EndGlobalSection
	GlobalSection(SolutionProperties) = preSolution
		HideSolutionNode = FALSE
	EndGlobalSection
	GlobalSection(ExtensibilityGlobals) = postSolution
		SolutionGuid = {5DD38A9D-8E3A-4AE1-A258-FBBADB48216F}
	EndGlobalSection
EndGlobal
